
Microsoft Visual Studio Solution File, Format Version 12.00
# Visual Studio Version 17
VisualStudioVersion = 17.0.31903.59
MinimumVisualStudioVersion = 10.0.40219.1
Project("{2150E333-8FDC-42A3-9474-1A3956D46DE8}") = "backend", "backend", "{1AE8ACA6-933B-BF2A-3671-3E2EAC007D16}"
EndProject
Project("{FAE04EC0-301F-11D3-BF4B-00C04F79EFBC}") = "NhaGiaKim.Domain", "backend\NhaGiaKim.Domain\NhaGiaKim.Domain.csproj", "{0F630EBC-7C96-47E1-BB27-54E03210176F}"
EndProject
Project("{FAE04EC0-301F-11D3-BF4B-00C04F79EFBC}") = "NhaGiaKim.Application", "backend\NhaGiaKim.Application\NhaGiaKim.Application.csproj", "{7761F519-671C-44CA-A881-63059078EEF5}"
EndProject
Project("{FAE04EC0-301F-11D3-BF4B-00C04F79EFBC}") = "NhaGiaKim.Infrastructure", "backend\NhaGiaKim.Infrastructure\NhaGiaKim.Infrastructure.csproj", "{A4CCF3E6-5BBC-42B0-BA62-4BC349CBD5B6}"
EndProject
Project("{FAE04EC0-301F-11D3-BF4B-00C04F79EFBC}") = "NhaGiaKim.Api", "backend\NhaGiaKim.Api\NhaGiaKim.Api.csproj", "{F63CD59B-D3B8-484D-8846-D1C3C79F7B35}"
EndProject
Project("{FAE04EC0-301F-11D3-BF4B-00C04F79EFBC}") = "NhaGiaKim.Tests", "backend\NhaGiaKim.Tests\NhaGiaKim.Tests.csproj", "{E0691B19-76EA-49DB-B006-703C98461316}"
EndProject
Global
	GlobalSection(SolutionConfigurationPlatforms) = preSolution
		Debug|Any CPU = Debug|Any CPU
		Debug|x64 = Debug|x64
		Debug|x86 = Debug|x86
		Release|Any CPU = Release|Any CPU
		Release|x64 = Release|x64
		Release|x86 = Release|x86
	EndGlobalSection
	GlobalSection(ProjectConfigurationPlatforms) = postSolution
		{0F630EBC-7C96-47E1-BB27-54E03210176F}.Debug|Any CPU.ActiveCfg = Debug|Any CPU
		{0F630EBC-7C96-47E1-BB27-54E03210176F}.Debug|Any CPU.Build.0 = Debug|Any CPU
		{0F630EBC-7C96-47E1-BB27-54E03210176F}.Debug|x64.ActiveCfg = Debug|Any CPU
		{0F630EBC-7C96-47E1-BB27-54E03210176F}.Debug|x64.Build.0 = Debug|Any CPU
		{0F630EBC-7C96-47E1-BB27-54E03210176F}.Debug|x86.ActiveCfg = Debug|Any CPU
		{0F630EBC-7C96-47E1-BB27-54E03210176F}.Debug|x86.Build.0 = Debug|Any CPU
		{0F630EBC-7C96-47E1-BB27-54E03210176F}.Release|Any CPU.ActiveCfg = Release|Any CPU
		{0F630EBC-7C96-47E1-BB27-54E03210176F}.Release|Any CPU.Build.0 = Release|Any CPU
		{0F630EBC-7C96-47E1-BB27-54E03210176F}.Release|x64.ActiveCfg = Release|Any CPU
		{0F630EBC-7C96-47E1-BB27-54E03210176F}.Release|x64.Build.0 = Release|Any CPU
		{0F630EBC-7C96-47E1-BB27-54E03210176F}.Release|x86.ActiveCfg = Release|Any CPU
		{0F630EBC-7C96-47E1-BB27-54E03210176F}.Release|x86.Build.0 = Release|Any CPU
		{7761F519-671C-44CA-A881-63059078EEF5}.Debug|Any CPU.ActiveCfg = Debug|Any CPU
		{7761F519-671C-44CA-A881-63059078EEF5}.Debug|Any CPU.Build.0 = Debug|Any CPU
		{7761F519-671C-44CA-A881-63059078EEF5}.Debug|x64.ActiveCfg = Debug|Any CPU
		{7761F519-671C-44CA-A881-63059078EEF5}.Debug|x64.Build.0 = Debug|Any CPU
		{7761F519-671C-44CA-A881-63059078EEF5}.Debug|x86.ActiveCfg = Debug|Any CPU
		{7761F519-671C-44CA-A881-63059078EEF5}.Debug|x86.Build.0 = Debug|Any CPU
		{7761F519-671C-44CA-A881-63059078EEF5}.Release|Any CPU.ActiveCfg = Release|Any CPU
		{7761F519-671C-44CA-A881-63059078EEF5}.Release|Any CPU.Build.0 = Release|Any CPU
		{7761F519-671C-44CA-A881-63059078EEF5}.Release|x64.ActiveCfg = Release|Any CPU
		{7761F519-671C-44CA-A881-63059078EEF5}.Release|x64.Build.0 = Release|Any CPU
		{7761F519-671C-44CA-A881-63059078EEF5}.Release|x86.ActiveCfg = Release|Any CPU
		{7761F519-671C-44CA-A881-63059078EEF5}.Release|x86.Build.0 = Release|Any CPU
		{A4CCF3E6-5BBC-42B0-BA62-4BC349CBD5B6}.Debug|Any CPU.ActiveCfg = Debug|Any CPU
		{A4CCF3E6-5BBC-42B0-BA62-4BC349CBD5B6}.Debug|Any CPU.Build.0 = Debug|Any CPU
		{A4CCF3E6-5BBC-42B0-BA62-4BC349CBD5B6}.Debug|x64.ActiveCfg = Debug|Any CPU
		{A4CCF3E6-5BBC-42B0-BA62-4BC349CBD5B6}.Debug|x64.Build.0 = Debug|Any CPU
		{A4CCF3E6-5BBC-42B0-BA62-4BC349CBD5B6}.Debug|x86.ActiveCfg = Debug|Any CPU
		{A4CCF3E6-5BBC-42B0-BA62-4BC349CBD5B6}.Debug|x86.Build.0 = Debug|Any CPU
		{A4CCF3E6-5BBC-42B0-BA62-4BC349CBD5B6}.Release|Any CPU.ActiveCfg = Release|Any CPU
		{A4CCF3E6-5BBC-42B0-BA62-4BC349CBD5B6}.Release|Any CPU.Build.0 = Release|Any CPU
		{A4CCF3E6-5BBC-42B0-BA62-4BC349CBD5B6}.Release|x64.ActiveCfg = Release|Any CPU
		{A4CCF3E6-5BBC-42B0-BA62-4BC349CBD5B6}.Release|x64.Build.0 = Release|Any CPU
		{A4CCF3E6-5BBC-42B0-BA62-4BC349CBD5B6}.Release|x86.ActiveCfg = Release|Any CPU
		{A4CCF3E6-5BBC-42B0-BA62-4BC349CBD5B6}.Release|x86.Build.0 = Release|Any CPU
		{F63CD59B-D3B8-484D-8846-D1C3C79F7B35}.Debug|Any CPU.ActiveCfg = Debug|Any CPU
		{F63CD59B-D3B8-484D-8846-D1C3C79F7B35}.Debug|Any CPU.Build.0 = Debug|Any CPU
		{F63CD59B-D3B8-484D-8846-D1C3C79F7B35}.Debug|x64.ActiveCfg = Debug|Any CPU
		{F63CD59B-D3B8-484D-8846-D1C3C79F7B35}.Debug|x64.Build.0 = Debug|Any CPU
		{F63CD59B-D3B8-484D-8846-D1C3C79F7B35}.Debug|x86.ActiveCfg = Debug|Any CPU
		{F63CD59B-D3B8-484D-8846-D1C3C79F7B35}.Debug|x86.Build.0 = Debug|Any CPU
		{F63CD59B-D3B8-484D-8846-D1C3C79F7B35}.Release|Any CPU.ActiveCfg = Release|Any CPU
		{F63CD59B-D3B8-484D-8846-D1C3C79F7B35}.Release|Any CPU.Build.0 = Release|Any CPU
		{F63CD59B-D3B8-484D-8846-D1C3C79F7B35}.Release|x64.ActiveCfg = Release|Any CPU
		{F63CD59B-D3B8-484D-8846-D1C3C79F7B35}.Release|x64.Build.0 = Release|Any CPU
		{F63CD59B-D3B8-484D-8846-D1C3C79F7B35}.Release|x86.ActiveCfg = Release|Any CPU
		{F63CD59B-D3B8-484D-8846-D1C3C79F7B35}.Release|x86.Build.0 = Release|Any CPU
		{E0691B19-76EA-49DB-B006-703C98461316}.Debug|Any CPU.ActiveCfg = Debug|Any CPU
		{E0691B19-76EA-49DB-B006-703C98461316}.Debug|Any CPU.Build.0 = Debug|Any CPU
		{E0691B19-76EA-49DB-B006-703C98461316}.Debug|x64.ActiveCfg = Debug|Any CPU
		{E0691B19-76EA-49DB-B006-703C98461316}.Debug|x64.Build.0 = Debug|Any CPU
		{E0691B19-76EA-49DB-B006-703C98461316}.Debug|x86.ActiveCfg = Debug|Any CPU
		{E0691B19-76EA-49DB-B006-703C98461316}.Debug|x86.Build.0 = Debug|Any CPU
		{E0691B19-76EA-49DB-B006-703C98461316}.Release|Any CPU.ActiveCfg = Release|Any CPU
		{E0691B19-76EA-49DB-B006-703C98461316}.Release|Any CPU.Build.0 = Release|Any CPU
		{E0691B19-76EA-49DB-B006-703C98461316}.Release|x64.ActiveCfg = Release|Any CPU
		{E0691B19-76EA-49DB-B006-703C98461316}.Release|x64.Build.0 = Release|Any CPU
		{E0691B19-76EA-49DB-B006-703C98461316}.Release|x86.ActiveCfg = Release|Any CPU
		{E0691B19-76EA-49DB-B006-703C98461316}.Release|x86.Build.0 = Release|Any CPU
	EndGlobalSection
	GlobalSection(SolutionProperties) = preSolution
		HideSolutionNode = FALSE
	EndGlobalSection
	GlobalSection(NestedProjects) = preSolution
		{0F630EBC-7C96-47E1-BB27-54E03210176F} = {1AE8ACA6-933B-BF2A-3671-3E2EAC007D16}
		{7761F519-671C-44CA-A881-63059078EEF5} = {1AE8ACA6-933B-BF2A-3671-3E2EAC007D16}
		{A4CCF3E6-5BBC-42B0-BA62-4BC349CBD5B6} = {1AE8ACA6-933B-BF2A-3671-3E2EAC007D16}
		{F63CD59B-D3B8-484D-8846-D1C3C79F7B35} = {1AE8ACA6-933B-BF2A-3671-3E2EAC007D16}
		{E0691B19-76EA-49DB-B006-703C98461316} = {1AE8ACA6-933B-BF2A-3671-3E2EAC007D16}
	EndGlobalSection
EndGlobal
